
Microsoft Visual Studio Solution File, Format Version 12.00
# Visual Studio Version 16
VisualStudioVersion = 16.0.31424.327
MinimumVisualStudioVersion = 10.0.40219.1
Project("{FAE04EC0-301F-11D3-BF4B-00C04F79EFBC}") = "InterfaceSealed", "InterfaceSealed\InterfaceSealed.csproj", "{F69F1249-53EF-4743-A114-65FFE328ED79}"
EndProject
Global
	GlobalSection(SolutionConfigurationPlatforms) = preSolution
		Debug|Any CPU = Debug|Any CPU
		Release|Any CPU = Release|Any CPU
	EndGlobalSection
	GlobalSection(ProjectConfigurationPlatforms) = postSolution
		{F69F1249-53EF-4743-A114-65FFE328ED79}.Debug|Any CPU.ActiveCfg = Debug|Any CPU
		{F69F1249-53EF-4743-A114-65FFE328ED79}.Debug|Any CPU.Build.0 = Debug|Any CPU
		{F69F1249-53EF-4743-A114-65FFE328ED79}.Release|Any CPU.ActiveCfg = Release|Any CPU
		{F69F1249-53EF-4743-A114-65FFE328ED79}.Release|Any CPU.Build.0 = Release|Any CPU
	EndGlobalSection
	GlobalSection(SolutionProperties) = preSolution
		HideSolutionNode = FALSE
	EndGlobalSection
	GlobalSection(ExtensibilityGlobals) = postSolution
		SolutionGuid = {6C1D0A91-E1AD-44C7-B52B-FD08EBEB1B5C}
	EndGlobalSection
EndGlobal
